{
  "name": "Abjad-Advertiser-Backend",
  "lockfileVersion": 3,
  "requires": true,
  "packages": {
    "": {
      "dependencies": {
        "@commitlint/config-conventional": "^19.6.0"
      },
      "devDependencies": {
        "husky": "^9.1.7"
      }
    },
    "node_modules/@commitlint/config-conventional": {
      "version": "19.6.0",
      "resolved": "https://registry.npmjs.org/@commitlint/config-conventional/-/config-conventional-19.6.0.tgz",
      "integrity": "sha512-DJT40iMnTYtBtUfw9ApbsLZFke1zKh6llITVJ+x9mtpHD08gsNXaIRqHTmwTZL3dNX5+WoyK7pCN/5zswvkBCQ==",
      "license": "MIT",
      "dependencies": {
        "@commitlint/types": "^19.5.0",
        "conventional-changelog-conventionalcommits": "^7.0.2"
      },
      "engines": {
        "node": ">=v18"
      }
    },
    "node_modules/@commitlint/types": {
      "version": "19.5.0",
      "resolved": "https://registry.npmjs.org/@commitlint/types/-/types-19.5.0.tgz",
      "integrity": "sha512-DSHae2obMSMkAtTBSOulg5X7/z+rGLxcXQIkg3OmWvY6wifojge5uVMydfhUvs7yQj+V7jNmRZ2Xzl8GJyqRgg==",
      "license": "MIT",
      "dependencies": {
        "@types/conventional-commits-parser": "^5.0.0",
        "chalk": "^5.3.0"
      },
      "engines": {
        "node": ">=v18"
      }
    },
    "node_modules/@types/conventional-commits-parser": {
      "version": "5.0.0",
      "resolved": "https://registry.npmjs.org/@types/conventional-commits-parser/-/conventional-commits-parser-5.0.0.tgz",
      "integrity": "sha512-loB369iXNmAZglwWATL+WRe+CRMmmBPtpolYzIebFaX4YA3x+BEfLqhUAV9WanycKI3TG1IMr5bMJDajDKLlUQ==",
      "license": "MIT",
      "dependencies": {
        "@types/node": "*"
      }
    },
    "node_modules/@types/node": {
      "version": "22.9.3",
      "resolved": "https://registry.npmjs.org/@types/node/-/node-22.9.3.tgz",
      "integrity": "sha512-F3u1fs/fce3FFk+DAxbxc78DF8x0cY09RRL8GnXLmkJ1jvx3TtPdWoTT5/NiYfI5ASqXBmfqJi9dZ3gxMx4lzw==",
      "license": "MIT",
      "dependencies": {
        "undici-types": "~6.19.8"
      }
    },
    "node_modules/array-ify": {
      "version": "1.0.0",
      "resolved": "https://registry.npmjs.org/array-ify/-/array-ify-1.0.0.tgz",
      "integrity": "sha512-c5AMf34bKdvPhQ7tBGhqkgKNUzMr4WUs+WDtC2ZUGOUncbxKMTvqxYctiseW3+L4bA8ec+GcZ6/A/FW4m8ukng==",
      "license": "MIT"
    },
    "node_modules/chalk": {
      "version": "5.3.0",
      "resolved": "https://registry.npmjs.org/chalk/-/chalk-5.3.0.tgz",
      "integrity": "sha512-dLitG79d+GV1Nb/VYcCDFivJeK1hiukt9QjRNVOsUtTy1rR1YJsmpGGTZ3qJos+uw7WmWF4wUwBd9jxjocFC2w==",
      "license": "MIT",
      "engines": {
        "node": "^12.17.0 || ^14.13 || >=16.0.0"
      },
      "funding": {
        "url": "https://github.com/chalk/chalk?sponsor=1"
      }
    },
    "node_modules/compare-func": {
      "version": "2.0.0",
      "resolved": "https://registry.npmjs.org/compare-func/-/compare-func-2.0.0.tgz",
      "integrity": "sha512-zHig5N+tPWARooBnb0Zx1MFcdfpyJrfTJ3Y5L+IFvUm8rM74hHz66z0gw0x4tijh5CorKkKUCnW82R2vmpeCRA==",
      "license": "MIT",
      "dependencies": {
        "array-ify": "^1.0.0",
        "dot-prop": "^5.1.0"
      }
    },
    "node_modules/conventional-changelog-conventionalcommits": {
      "version": "7.0.2",
      "resolved": "https://registry.npmjs.org/conventional-changelog-conventionalcommits/-/conventional-changelog-conventionalcommits-7.0.2.tgz",
      "integrity": "sha512-NKXYmMR/Hr1DevQegFB4MwfM5Vv0m4UIxKZTTYuD98lpTknaZlSRrDOG4X7wIXpGkfsYxZTghUN+Qq+T0YQI7w==",
      "license": "ISC",
      "dependencies": {
        "compare-func": "^2.0.0"
      },
      "engines": {
        "node": ">=16"
      }
    },
    "node_modules/dot-prop": {
      "version": "5.3.0",
      "resolved": "https://registry.npmjs.org/dot-prop/-/dot-prop-5.3.0.tgz",
      "integrity": "sha512-QM8q3zDe58hqUqjraQOmzZ1LIH9SWQJTlEKCH4kJ2oQvLZk7RbQXvtDM2XEq3fwkV9CCvvH4LA0AV+ogFsBM2Q==",
      "license": "MIT",
      "dependencies": {
        "is-obj": "^2.0.0"
      },
      "engines": {
        "node": ">=8"
      }
    },
    "node_modules/husky": {
      "version": "9.1.7",
      "resolved": "https://registry.npmjs.org/husky/-/husky-9.1.7.tgz",
      "integrity": "sha512-5gs5ytaNjBrh5Ow3zrvdUUY+0VxIuWVL4i9irt6friV+BqdCfmV11CQTWMiBYWHbXhco+J1kHfTOUkePhCDvMA==",
      "dev": true,
      "license": "MIT",
      "bin": {
        "husky": "bin.js"
      },
      "engines": {
        "node": ">=18"
      },
      "funding": {
        "url": "https://github.com/sponsors/typicode"
      }
    },
    "node_modules/is-obj": {
      "version": "2.0.0",
      "resolved": "https://registry.npmjs.org/is-obj/-/is-obj-2.0.0.tgz",
      "integrity": "sha512-drqDG3cbczxxEJRoOXcOjtdp1J/lyp1mNn0xaznRs8+muBhgQcrnbspox5X5fOw0HnMnbfDzvnEMEtqDEJEo8w==",
      "license": "MIT",
      "engines": {
        "node": ">=8"
      }
    },
    "node_modules/undici-types": {
      "version": "6.19.8",
      "resolved": "https://registry.npmjs.org/undici-types/-/undici-types-6.19.8.tgz",
      "integrity": "sha512-ve2KP6f/JnbPBFyobGHuerC9g1FYGn/F8n1LWTwNxCEzd6IfqTwUQcNXgEtmmQ6DlRrC1hrSrBnCZPokRrDHjw==",
      "license": "MIT"
    }
  }
}
